
Microsoft Visual Studio Solution File, Format Version 12.00
# Visual Studio 15
VisualStudioVersion = 15.0.28307.168
MinimumVisualStudioVersion = 10.0.40219.1
Project("{9A19103F-16F7-4668-BE54-9A1E7A4F7556}") = "LeituraArquivo", "LeituraArquivo\LeituraArquivo.csproj", "{5D8018BE-E64E-45BA-9E1C-2610C4D42D66}"
EndProject
Project("{9A19103F-16F7-4668-BE54-9A1E7A4F7556}") = "consoleLeitura", "consoleLeitura\consoleLeitura.csproj", "{4EE993AF-645A-44CD-9024-92DF274D9E56}"
EndProject
Project("{FAE04EC0-301F-11D3-BF4B-00C04F79EFBC}") = "LeituraApi", "LeituraApi\LeituraApi.csproj", "{A135D065-80BE-46CB-954C-218AED780C88}"
EndProject
Global
	GlobalSection(SolutionConfigurationPlatforms) = preSolution
		Debug|Any CPU = Debug|Any CPU
		Release|Any CPU = Release|Any CPU
	EndGlobalSection
	GlobalSection(ProjectConfigurationPlatforms) = postSolution
		{5D8018BE-E64E-45BA-9E1C-2610C4D42D66}.Debug|Any CPU.ActiveCfg = Debug|Any CPU
		{5D8018BE-E64E-45BA-9E1C-2610C4D42D66}.Debug|Any CPU.Build.0 = Debug|Any CPU
		{5D8018BE-E64E-45BA-9E1C-2610C4D42D66}.Release|Any CPU.ActiveCfg = Release|Any CPU
		{5D8018BE-E64E-45BA-9E1C-2610C4D42D66}.Release|Any CPU.Build.0 = Release|Any CPU
		{4EE993AF-645A-44CD-9024-92DF274D9E56}.Debug|Any CPU.ActiveCfg = Debug|Any CPU
		{4EE993AF-645A-44CD-9024-92DF274D9E56}.Debug|Any CPU.Build.0 = Debug|Any CPU
		{4EE993AF-645A-44CD-9024-92DF274D9E56}.Release|Any CPU.ActiveCfg = Release|Any CPU
		{4EE993AF-645A-44CD-9024-92DF274D9E56}.Release|Any CPU.Build.0 = Release|Any CPU
		{A135D065-80BE-46CB-954C-218AED780C88}.Debug|Any CPU.ActiveCfg = Debug|Any CPU
		{A135D065-80BE-46CB-954C-218AED780C88}.Debug|Any CPU.Build.0 = Debug|Any CPU
		{A135D065-80BE-46CB-954C-218AED780C88}.Release|Any CPU.ActiveCfg = Release|Any CPU
		{A135D065-80BE-46CB-954C-218AED780C88}.Release|Any CPU.Build.0 = Release|Any CPU
	EndGlobalSection
	GlobalSection(SolutionProperties) = preSolution
		HideSolutionNode = FALSE
	EndGlobalSection
	GlobalSection(ExtensibilityGlobals) = postSolution
		SolutionGuid = {01259273-ED1D-40DF-BE34-0DB2AE67CDE9}
	EndGlobalSection
EndGlobal
